// !$*UTF8*$!
{
	archiveVersion = 1;
	classes = {
	};
	objectVersion = 46;
	objects = {

/* Begin PBXBuildFile section */
		7B14AD3A1DED88D90038AC03 /* 毛玻璃菜单.gif in Resources */ = {isa = PBXBuildFile; fileRef = 7B14AD391DED88D90038AC03 /* 毛玻璃菜单.gif */; };
		7B14AD3D1DEE9ECF0038AC03 /* guideView.m in Sources */ = {isa = PBXBuildFile; fileRef = 7B14AD3C1DEE9ECF0038AC03 /* guideView.m */; };
		7B88DC391DED44D4008CC522 /* main.m in Sources */ = {isa = PBXBuildFile; fileRef = 7B88DC381DED44D4008CC522 /* main.m */; };
		7B88DC3C1DED44D4008CC522 /* AppDelegate.m in Sources */ = {isa = PBXBuildFile; fileRef = 7B88DC3B1DED44D4008CC522 /* AppDelegate.m */; };
		7B88DC3F1DED44D4008CC522 /* ViewController.m in Sources */ = {isa = PBXBuildFile; fileRef = 7B88DC3E1DED44D4008CC522 /* ViewController.m */; };
		7B88DC421DED44D4008CC522 /* Main.storyboard in Resources */ = {isa = PBXBuildFile; fileRef = 7B88DC401DED44D4008CC522 /* Main.storyboard */; };
		7B88DC441DED44D4008CC522 /* Assets.xcassets in Resources */ = {isa = PBXBuildFile; fileRef = 7B88DC431DED44D4008CC522 /* Assets.xcassets */; };
		7B88DC471DED44D4008CC522 /* LaunchScreen.storyboard in Resources */ = {isa = PBXBuildFile; fileRef = 7B88DC451DED44D4008CC522 /* LaunchScreen.storyboard */; };
		7B88DC521DED44D4008CC522 /* BlurEffectWithMenuTests.m in Sources */ = {isa = PBXBuildFile; fileRef = 7B88DC511DED44D4008CC522 /* BlurEffectWithMenuTests.m */; };
		7B88DC5D1DED44D4008CC522 /* BlurEffectWithMenuUITests.m in Sources */ = {isa = PBXBuildFile; fileRef = 7B88DC5C1DED44D4008CC522 /* BlurEffectWithMenuUITests.m */; };
		7B88DC6B1DED48E4008CC522 /* add2.png in Resources */ = {isa = PBXBuildFile; fileRef = 7B88DC6A1DED48E4008CC522 /* add2.png */; };
		7B88DC6E1DED4ED1008CC522 /* BlurEffecViewController.m in Sources */ = {isa = PBXBuildFile; fileRef = 7B88DC6D1DED4ED1008CC522 /* BlurEffecViewController.m */; };
/* End PBXBuildFile section */

/* Begin PBXContainerItemProxy section */
		7B88DC4E1DED44D4008CC522 /* PBXContainerItemProxy */ = {
			isa = PBXContainerItemProxy;
			containerPortal = 7B88DC2C1DED44D4008CC522 /* Project object */;
			proxyType = 1;
			remoteGlobalIDString = 7B88DC331DED44D4008CC522;
			remoteInfo = BlurEffectWithMenu;
		};
		7B88DC591DED44D4008CC522 /* PBXContainerItemProxy */ = {
			isa = PBXContainerItemProxy;
			containerPortal = 7B88DC2C1DED44D4008CC522 /* Project object */;
			proxyType = 1;
			remoteGlobalIDString = 7B88DC331DED44D4008CC522;
			remoteInfo = BlurEffectWithMenu;
		};
/* End PBXContainerItemProxy section */

/* Begin PBXFileReference section */
		7B14AD391DED88D90038AC03 /* 毛玻璃菜单.gif */ = {isa = PBXFileReference; lastKnownFileType = image.gif; path = "毛玻璃菜单.gif"; sourceTree = "<group>"; };
		7B14AD3B1DEE9ECF0038AC03 /* guideView.h */ = {isa = PBXFileReference; fileEncoding = 4; lastKnownFileType = sourcecode.c.h; path = guideView.h; sourceTree = "<group>"; };
		7B14AD3C1DEE9ECF0038AC03 /* guideView.m */ = {isa = PBXFileReference; fileEncoding = 4; lastKnownFileType = sourcecode.c.objc; path = guideView.m; sourceTree = "<group>"; };
		7B88DC341DED44D4008CC522 /* BlurEffectWithMenu.app */ = {isa = PBXFileReference; explicitFileType = wrapper.application; includeInIndex = 0; path = BlurEffectWithMenu.app; sourceTree = BUILT_PRODUCTS_DIR; };
		7B88DC381DED44D4008CC522 /* main.m */ = {isa = PBXFileReference; lastKnownFileType = sourcecode.c.objc; path = main.m; sourceTree = "<group>"; };
		7B88DC3A1DED44D4008CC522 /* AppDelegate.h */ = {isa = PBXFileReference; lastKnownFileType = sourcecode.c.h; path = AppDelegate.h; sourceTree = "<group>"; };
		7B88DC3B1DED44D4008CC522 /* AppDelegate.m */ = {isa = PBXFileReference; lastKnownFileType = sourcecode.c.objc; path = AppDelegate.m; sourceTree = "<group>"; };
		7B88DC3D1DED44D4008CC522 /* ViewController.h */ = {isa = PBXFileReference; lastKnownFileType = sourcecode.c.h; path = ViewController.h; sourceTree = "<group>"; };
		7B88DC3E1DED44D4008CC522 /* ViewController.m */ = {isa = PBXFileReference; lastKnownFileType = sourcecode.c.objc; path = ViewController.m; sourceTree = "<group>"; };
		7B88DC411DED44D4008CC522 /* Base */ = {isa = PBXFileReference; lastKnownFileType = file.storyboard; name = Base; path = Base.lproj/Main.storyboard; sourceTree = "<group>"; };
		7B88DC431DED44D4008CC522 /* Assets.xcassets */ = {isa = PBXFileReference; lastKnownFileType = folder.assetcatalog; path = Assets.xcassets; sourceTree = "<group>"; };
		7B88DC461DED44D4008CC522 /* Base */ = {isa = PBXFileReference; lastKnownFileType = file.storyboard; name = Base; path = Base.lproj/LaunchScreen.storyboard; sourceTree = "<group>"; };
		7B88DC481DED44D4008CC522 /* Info.plist */ = {isa = PBXFileReference; lastKnownFileType = text.plist.xml; path = Info.plist; sourceTree = "<group>"; };
		7B88DC4D1DED44D4008CC522 /* BlurEffectWithMenuTests.xctest */ = {isa = PBXFileReference; explicitFileType = wrapper.cfbundle; includeInIndex = 0; path = BlurEffectWithMenuTests.xctest; sourceTree = BUILT_PRODUCTS_DIR; };
		7B88DC511DED44D4008CC522 /* BlurEffectWithMenuTests.m */ = {isa = PBXFileReference; lastKnownFileType = sourcecode.c.objc; path = BlurEffectWithMenuTests.m; sourceTree = "<group>"; };
		7B88DC531DED44D4008CC522 /* Info.plist */ = {isa = PBXFileReference; lastKnownFileType = text.plist.xml; path = Info.plist; sourceTree = "<group>"; };
		7B88DC581DED44D4008CC522 /* BlurEffectWithMenuUITests.xctest */ = {isa = PBXFileReference; explicitFileType = wrapper.cfbundle; includeInIndex = 0; path = BlurEffectWithMenuUITests.xctest; sourceTree = BUILT_PRODUCTS_DIR; };
		7B88DC5C1DED44D4008CC522 /* BlurEffectWithMenuUITests.m */ = {isa = PBXFileReference; lastKnownFileType = sourcecode.c.objc; path = BlurEffectWithMenuUITests.m; sourceTree = "<group>"; };
		7B88DC5E1DED44D4008CC522 /* Info.plist */ = {isa = PBXFileReference; lastKnownFileType = text.plist.xml; path = Info.plist; sourceTree = "<group>"; };
		7B88DC6A1DED48E4008CC522 /* add2.png */ = {isa = PBXFileReference; lastKnownFileType = image.png; path = add2.png; sourceTree = "<group>"; };
		7B88DC6C1DED4ED1008CC522 /* BlurEffecViewController.h */ = {isa = PBXFileReference; fileEncoding = 4; lastKnownFileType = sourcecode.c.h; path = BlurEffecViewController.h; sourceTree = "<group>"; };
		7B88DC6D1DED4ED1008CC522 /* BlurEffecViewController.m */ = {isa = PBXFileReference; fileEncoding = 4; lastKnownFileType = sourcecode.c.objc; path = BlurEffecViewController.m; sourceTree = "<group>"; };
/* End PBXFileReference section */

/* Begin PBXFrameworksBuildPhase section */
		7B88DC311DED44D4008CC522 /* Frameworks */ = {
			isa = PBXFrameworksBuildPhase;
			buildActionMask = 2147483647;
			files = (
			);
			runOnlyForDeploymentPostprocessing = 0;
		};
		7B88DC4A1DED44D4008CC522 /* Frameworks */ = {
			isa = PBXFrameworksBuildPhase;
			buildActionMask = 2147483647;
			files = (
			);
			runOnlyForDeploymentPostprocessing = 0;
		};
		7B88DC551DED44D4008CC522 /* Frameworks */ = {
			isa = PBXFrameworksBuildPhase;
			buildActionMask = 2147483647;
			files = (
			);
			runOnlyForDeploymentPostprocessing = 0;
		};
/* End PBXFrameworksBuildPhase section */

/* Begin PBXGroup section */
		7B88DC2B1DED44D4008CC522 = {
			isa = PBXGroup;
			children = (
				7B88DC361DED44D4008CC522 /* BlurEffectWithMenu */,
				7B88DC501DED44D4008CC522 /* BlurEffectWithMenuTests */,
				7B88DC5B1DED44D4008CC522 /* BlurEffectWithMenuUITests */,
				7B88DC351DED44D4008CC522 /* Products */,
			);
			sourceTree = "<group>";
		};
		7B88DC351DED44D4008CC522 /* Products */ = {
			isa = PBXGroup;
			children = (
				7B88DC341DED44D4008CC522 /* BlurEffectWithMenu.app */,
				7B88DC4D1DED44D4008CC522 /* BlurEffectWithMenuTests.xctest */,
				7B88DC581DED44D4008CC522 /* BlurEffectWithMenuUITests.xctest */,
			);
			name = Products;
			sourceTree = "<group>";
		};
		7B88DC361DED44D4008CC522 /* BlurEffectWithMenu */ = {
			isa = PBXGroup;
			children = (
				7B88DC3A1DED44D4008CC522 /* AppDelegate.h */,
				7B88DC3B1DED44D4008CC522 /* AppDelegate.m */,
				7B88DC3D1DED44D4008CC522 /* ViewController.h */,
				7B88DC3E1DED44D4008CC522 /* ViewController.m */,
				7B88DC6C1DED4ED1008CC522 /* BlurEffecViewController.h */,
				7B88DC6D1DED4ED1008CC522 /* BlurEffecViewController.m */,
				7B14AD3B1DEE9ECF0038AC03 /* guideView.h */,
				7B14AD3C1DEE9ECF0038AC03 /* guideView.m */,
				7B88DC401DED44D4008CC522 /* Main.storyboard */,
				7B88DC431DED44D4008CC522 /* Assets.xcassets */,
				7B88DC451DED44D4008CC522 /* LaunchScreen.storyboard */,
				7B88DC481DED44D4008CC522 /* Info.plist */,
				7B88DC6A1DED48E4008CC522 /* add2.png */,
				7B14AD391DED88D90038AC03 /* 毛玻璃菜单.gif */,
				7B88DC371DED44D4008CC522 /* Supporting Files */,
			);
			path = BlurEffectWithMenu;
			sourceTree = "<group>";
		};
		7B88DC371DED44D4008CC522 /* Supporting Files */ = {
			isa = PBXGroup;
			children = (
				7B88DC381DED44D4008CC522 /* main.m */,
			);
			name = "Supporting Files";
			sourceTree = "<group>";
		};
		7B88DC501DED44D4008CC522 /* BlurEffectWithMenuTests */ = {
			isa = PBXGroup;
			children = (
				7B88DC511DED44D4008CC522 /* BlurEffectWithMenuTests.m */,
				7B88DC531DED44D4008CC522 /* Info.plist */,
			);
			path = BlurEffectWithMenuTests;
			sourceTree = "<group>";
		};
		7B88DC5B1DED44D4008CC522 /* BlurEffectWithMenuUITests */ = {
			isa = PBXGroup;
			children = (
				7B88DC5C1DED44D4008CC522 /* BlurEffectWithMenuUITests.m */,
				7B88DC5E1DED44D4008CC522 /* Info.plist */,
			);
			path = BlurEffectWithMenuUITests;
			sourceTree = "<group>";
		};
/* End PBXGroup section */

/* Begin PBXNativeTarget section */
		7B88DC331DED44D4008CC522 /* BlurEffectWithMenu */ = {
			isa = PBXNativeTarget;
			buildConfigurationList = 7B88DC611DED44D4008CC522 /* Build configuration list for PBXNativeTarget "BlurEffectWithMenu" */;
			buildPhases = (
				7B88DC301DED44D4008CC522 /* Sources */,
				7B88DC311DED44D4008CC522 /* Frameworks */,
				7B88DC321DED44D4008CC522 /* Resources */,
			);
			buildRules = (
			);
			dependencies = (
			);
			name = BlurEffectWithMenu;
			productName = BlurEffectWithMenu;
			productReference = 7B88DC341DED44D4008CC522 /* BlurEffectWithMenu.app */;
			productType = "com.apple.product-type.application";
		};
		7B88DC4C1DED44D4008CC522 /* BlurEffectWithMenuTests */ = {
			isa = PBXNativeTarget;
			buildConfigurationList = 7B88DC641DED44D4008CC522 /* Build configuration list for PBXNativeTarget "BlurEffectWithMenuTests" */;
			buildPhases = (
				7B88DC491DED44D4008CC522 /* Sources */,
				7B88DC4A1DED44D4008CC522 /* Frameworks */,
				7B88DC4B1DED44D4008CC522 /* Resources */,
			);
			buildRules = (
			);
			dependencies = (
				7B88DC4F1DED44D4008CC522 /* PBXTargetDependency */,
			);
			name = BlurEffectWithMenuTests;
			productName = BlurEffectWithMenuTests;
			productReference = 7B88DC4D1DED44D4008CC522 /* BlurEffectWithMenuTests.xctest */;
			productType = "com.apple.product-type.bundle.unit-test";
		};
		7B88DC571DED44D4008CC522 /* BlurEffectWithMenuUITests */ = {
			isa = PBXNativeTarget;
			buildConfigurationList = 7B88DC671DED44D4008CC522 /* Build configuration list for PBXNativeTarget "BlurEffectWithMenuUITests" */;
			buildPhases = (
				7B88DC541DED44D4008CC522 /* Sources */,
				7B88DC551DED44D4008CC522 /* Frameworks */,
				7B88DC561DED44D4008CC522 /* Resources */,
			);
			buildRules = (
			);
			dependencies = (
				7B88DC5A1DED44D4008CC522 /* PBXTargetDependency */,
			);
			name = BlurEffectWithMenuUITests;
			productName = BlurEffectWithMenuUITests;
			productReference = 7B88DC581DED44D4008CC522 /* BlurEffectWithMenuUITests.xctest */;
			productType = "com.apple.product-type.bundle.ui-testing";
		};
/* End PBXNativeTarget section */

/* Begin PBXProject section */
		7B88DC2C1DED44D4008CC522 /* Project object */ = {
			isa = PBXProject;
			attributes = {
				LastUpgradeCheck = 0810;
				ORGANIZATIONNAME = cc;
				TargetAttributes = {
					7B88DC331DED44D4008CC522 = {
						CreatedOnToolsVersion = 8.1;
						DevelopmentTeam = 2L98437J77;
						ProvisioningStyle = Automatic;
					};
					7B88DC4C1DED44D4008CC522 = {
						CreatedOnToolsVersion = 8.1;
						ProvisioningStyle = Automatic;
						TestTargetID = 7B88DC331DED44D4008CC522;
					};
					7B88DC571DED44D4008CC522 = {
						CreatedOnToolsVersion = 8.1;
						ProvisioningStyle = Automatic;
						TestTargetID = 7B88DC331DED44D4008CC522;
					};
				};
			};
			buildConfigurationList = 7B88DC2F1DED44D4008CC522 /* Build configuration list for PBXProject "BlurEffectWithMenu" */;
			compatibilityVersion = "Xcode 3.2";
			developmentRegion = English;
			hasScannedForEncodings = 0;
			knownRegions = (
				en,
				Base,
			);
			mainGroup = 7B88DC2B1DED44D4008CC522;
			productRefGroup = 7B88DC351DED44D4008CC522 /* Products */;
			projectDirPath = "";
			projectRoot = "";
			targets = (
				7B88DC331DED44D4008CC522 /* BlurEffectWithMenu */,
				7B88DC4C1DED44D4008CC522 /* BlurEffectWithMenuTests */,
				7B88DC571DED44D4008CC522 /* BlurEffectWithMenuUITests */,
			);
		};
/* End PBXProject section */

/* Begin PBXResourcesBuildPhase section */
		7B88DC321DED44D4008CC522 /* Resources */ = {
			isa = PBXResourcesBuildPhase;
			buildActionMask = 2147483647;
			files = (
				7B88DC471DED44D4008CC522 /* LaunchScreen.storyboard in Resources */,
				7B88DC441DED44D4008CC522 /* Assets.xcassets in Resources */,
				7B88DC6B1DED48E4008CC522 /* add2.png in Resources */,
				7B14AD3A1DED88D90038AC03 /* 毛玻璃菜单.gif in Resources */,
				7B88DC421DED44D4008CC522 /* Main.storyboard in Resources */,
			);
			runOnlyForDeploymentPostprocessing = 0;
		};
		7B88DC4B1DED44D4008CC522 /* Resources */ = {
			isa = PBXResourcesBuildPhase;
			buildActionMask = 2147483647;
			files = (
			);
			runOnlyForDeploymentPostprocessing = 0;
		};
		7B88DC561DED44D4008CC522 /* Resources */ = {
			isa = PBXResourcesBuildPhase;
			buildActionMask = 2147483647;
			files = (
			);
			runOnlyForDeploymentPostprocessing = 0;
		};
/* End PBXResourcesBuildPhase section */

/* Begin PBXSourcesBuildPhase section */
		7B88DC301DED44D4008CC522 /* Sources */ = {
			isa = PBXSourcesBuildPhase;
			buildActionMask = 2147483647;
			files = (
				7B88DC3F1DED44D4008CC522 /* ViewController.m in Sources */,
				7B88DC6E1DED4ED1008CC522 /* BlurEffecViewController.m in Sources */,
				7B88DC3C1DED44D4008CC522 /* AppDelegate.m in Sources */,
				7B14AD3D1DEE9ECF0038AC03 /* guideView.m in Sources */,
				7B88DC391DED44D4008CC522 /* main.m in Sources */,
			);
			runOnlyForDeploymentPostprocessing = 0;
		};
		7B88DC491DED44D4008CC522 /* Sources */ = {
			isa = PBXSourcesBuildPhase;
			buildActionMask = 2147483647;
			files = (
				7B88DC521DED44D4008CC522 /* BlurEffectWithMenuTests.m in Sources */,
			);
			runOnlyForDeploymentPostprocessing = 0;
		};
		7B88DC541DED44D4008CC522 /* Sources */ = {
			isa = PBXSourcesBuildPhase;
			buildActionMask = 2147483647;
			files = (
				7B88DC5D1DED44D4008CC522 /* BlurEffectWithMenuUITests.m in Sources */,
			);
			runOnlyForDeploymentPostprocessing = 0;
		};
/* End PBXSourcesBuildPhase section */

/* Begin PBXTargetDependency section */
		7B88DC4F1DED44D4008CC522 /* PBXTargetDependency */ = {
			isa = PBXTargetDependency;
			target = 7B88DC331DED44D4008CC522 /* BlurEffectWithMenu */;
			targetProxy = 7B88DC4E1DED44D4008CC522 /* PBXContainerItemProxy */;
		};
		7B88DC5A1DED44D4008CC522 /* PBXTargetDependency */ = {
			isa = PBXTargetDependency;
			target = 7B88DC331DED44D4008CC522 /* BlurEffectWithMenu */;
			targetProxy = 7B88DC591DED44D4008CC522 /* PBXContainerItemProxy */;
		};
/* End PBXTargetDependency section */

/* Begin PBXVariantGroup section */
		7B88DC401DED44D4008CC522 /* Main.storyboard */ = {
			isa = PBXVariantGroup;
			children = (
				7B88DC411DED44D4008CC522 /* Base */,
			);
			name = Main.storyboard;
			sourceTree = "<group>";
		};
		7B88DC451DED44D4008CC522 /* LaunchScreen.storyboard */ = {
			isa = PBXVariantGroup;
			children = (
				7B88DC461DED44D4008CC522 /* Base */,
			);
			name = LaunchScreen.storyboard;
			sourceTree = "<group>";
		};
/* End PBXVariantGroup section */

/* Begin XCBuildConfiguration section */
		7B88DC5F1DED44D4008CC522 /* Debug */ = {
			isa = XCBuildConfiguration;
			buildSettings = {
				ALWAYS_SEARCH_USER_PATHS = NO;
				CLANG_ANALYZER_NONNULL = YES;
				CLANG_CXX_LANGUAGE_STANDARD = "gnu++0x";
				CLANG_CXX_LIBRARY = "libc++";
				CLANG_ENABLE_MODULES = YES;
				CLANG_ENABLE_OBJC_ARC = YES;
				CLANG_WARN_BOOL_CONVERSION = YES;
				CLANG_WARN_CONSTANT_CONVERSION = YES;
				CLANG_WARN_DIRECT_OBJC_ISA_USAGE = YES_ERROR;
				CLANG_WARN_DOCUMENTATION_COMMENTS = YES;
				CLANG_WARN_EMPTY_BODY = YES;
				CLANG_WARN_ENUM_CONVERSION = YES;
				CLANG_WARN_INFINITE_RECURSION = YES;
				CLANG_WARN_INT_CONVERSION = YES;
				CLANG_WARN_OBJC_ROOT_CLASS = YES_ERROR;
				CLANG_WARN_SUSPICIOUS_MOVES = YES;
				CLANG_WARN_UNREACHABLE_CODE = YES;
				CLANG_WARN__DUPLICATE_METHOD_MATCH = YES;
				"CODE_SIGN_IDENTITY[sdk=iphoneos*]" = "iPhone Developer";
				COPY_PHASE_STRIP = NO;
				DEBUG_INFORMATION_FORMAT = dwarf;
				ENABLE_STRICT_OBJC_MSGSEND = YES;
				ENABLE_TESTABILITY = YES;
				GCC_C_LANGUAGE_STANDARD = gnu99;
				GCC_DYNAMIC_NO_PIC = NO;
				GCC_NO_COMMON_BLOCKS = YES;
				GCC_OPTIMIZATION_LEVEL = 0;
				GCC_PREPROCESSOR_DEFINITIONS = (
					"DEBUG=1",
					"$(inherited)",
				);
				GCC_WARN_64_TO_32_BIT_CONVERSION = YES;
				GCC_WARN_ABOUT_RETURN_TYPE = YES_ERROR;
				GCC_WARN_UNDECLARED_SELECTOR = YES;
				GCC_WARN_UNINITIALIZED_AUTOS = YES_AGGRESSIVE;
				GCC_WARN_UNUSED_FUNCTION = YES;
				GCC_WARN_UNUSED_VARIABLE = YES;
				IPHONEOS_DEPLOYMENT_TARGET = 10.1;
				MTL_ENABLE_DEBUG_INFO = YES;
				ONLY_ACTIVE_ARCH = YES;
				SDKROOT = iphoneos;
			};
			name = Debug;
		};
		7B88DC601DED44D4008CC522 /* Release */ = {
			isa = XCBuildConfiguration;
			buildSettings = {
				ALWAYS_SEARCH_USER_PATHS = NO;
				CLANG_ANALYZER_NONNULL = YES;
				CLANG_CXX_LANGUAGE_STANDARD = "gnu++0x";
				CLANG_CXX_LIBRARY = "libc++";
				CLANG_ENABLE_MODULES = YES;
				CLANG_ENABLE_OBJC_ARC = YES;
				CLANG_WARN_BOOL_CONVERSION = YES;
				CLANG_WARN_CONSTANT_CONVERSION = YES;
				CLANG_WARN_DIRECT_OBJC_ISA_USAGE = YES_ERROR;
				CLANG_WARN_DOCUMENTATION_COMMENTS = YES;
				CLANG_WARN_EMPTY_BODY = YES;
				CLANG_WARN_ENUM_CONVERSION = YES;
				CLANG_WARN_INFINITE_RECURSION = YES;
				CLANG_WARN_INT_CONVERSION = YES;
				CLANG_WARN_OBJC_ROOT_CLASS = YES_ERROR;
				CLANG_WARN_SUSPICIOUS_MOVES = YES;
				CLANG_WARN_UNREACHABLE_CODE = YES;
				CLANG_WARN__DUPLICATE_METHOD_MATCH = YES;
				"CODE_SIGN_IDENTITY[sdk=iphoneos*]" = "iPhone Developer";
				COPY_PHASE_STRIP = NO;
				DEBUG_INFORMATION_FORMAT = "dwarf-with-dsym";
				ENABLE_NS_ASSERTIONS = NO;
				ENABLE_STRICT_OBJC_MSGSEND = YES;
				GCC_C_LANGUAGE_STANDARD = gnu99;
				GCC_NO_COMMON_BLOCKS = YES;
				GCC_WARN_64_TO_32_BIT_CONVERSION = YES;
				GCC_WARN_ABOUT_RETURN_TYPE = YES_ERROR;
				GCC_WARN_UNDECLARED_SELECTOR = YES;
				GCC_WARN_UNINITIALIZED_AUTOS = YES_AGGRESSIVE;
				GCC_WARN_UNUSED_FUNCTION = YES;
				GCC_WARN_UNUSED_VARIABLE = YES;
				IPHONEOS_DEPLOYMENT_TARGET = 10.1;
				MTL_ENABLE_DEBUG_INFO = NO;
				SDKROOT = iphoneos;
				VALIDATE_PRODUCT = YES;
			};
			name = Release;
		};
		7B88DC621DED44D4008CC522 /* Debug */ = {
			isa = XCBuildConfiguration;
			buildSettings = {
				ASSETCATALOG_COMPILER_APPICON_NAME = AppIcon;
				DEVELOPMENT_TEAM = 2L98437J77;
				INFOPLIST_FILE = BlurEffectWithMenu/Info.plist;
				LD_RUNPATH_SEARCH_PATHS = "$(inherited) @executable_path/Frameworks";
				PRODUCT_BUNDLE_IDENTIFIER = com.sunac.RongYDLearn;
				PRODUCT_NAME = "$(TARGET_NAME)";
			};
			name = Debug;
		};
		7B88DC631DED44D4008CC522 /* Release */ = {
			isa = XCBuildConfiguration;
			buildSettings = {
				ASSETCATALOG_COMPILER_APPICON_NAME = AppIcon;
				DEVELOPMENT_TEAM = 2L98437J77;
				INFOPLIST_FILE = BlurEffectWithMenu/Info.plist;
				LD_RUNPATH_SEARCH_PATHS = "$(inherited) @executable_path/Frameworks";
				PRODUCT_BUNDLE_IDENTIFIER = com.sunac.RongYDLearn;
				PRODUCT_NAME = "$(TARGET_NAME)";
			};
			name = Release;
		};
		7B88DC651DED44D4008CC522 /* Debug */ = {
			isa = XCBuildConfiguration;
			buildSettings = {
				BUNDLE_LOADER = "$(TEST_HOST)";
				INFOPLIST_FILE = BlurEffectWithMenuTests/Info.plist;
				LD_RUNPATH_SEARCH_PATHS = "$(inherited) @executable_path/Frameworks @loader_path/Frameworks";
				PRODUCT_BUNDLE_IDENTIFIER = com.cc.BlurEffectWithMenuTests;
				PRODUCT_NAME = "$(TARGET_NAME)";
				TEST_HOST = "$(BUILT_PRODUCTS_DIR)/BlurEffectWithMenu.app/BlurEffectWithMenu";
			};
			name = Debug;
		};
		7B88DC661DED44D4008CC522 /* Release */ = {
			isa = XCBuildConfiguration;
			buildSettings = {
				BUNDLE_LOADER = "$(TEST_HOST)";
				INFOPLIST_FILE = BlurEffectWithMenuTests/Info.plist;
				LD_RUNPATH_SEARCH_PATHS = "$(inherited) @executable_path/Frameworks @loader_path/Frameworks";
				PRODUCT_BUNDLE_IDENTIFIER = com.cc.BlurEffectWithMenuTests;
				PRODUCT_NAME = "$(TARGET_NAME)";
				TEST_HOST = "$(BUILT_PRODUCTS_DIR)/BlurEffectWithMenu.app/BlurEffectWithMenu";
			};
			name = Release;
		};
		7B88DC681DED44D4008CC522 /* Debug */ = {
			isa = XCBuildConfiguration;
			buildSettings = {
				INFOPLIST_FILE = BlurEffectWithMenuUITests/Info.plist;
				LD_RUNPATH_SEARCH_PATHS = "$(inherited) @executable_path/Frameworks @loader_path/Frameworks";
				PRODUCT_BUNDLE_IDENTIFIER = com.cc.BlurEffectWithMenuUITests;
				PRODUCT_NAME = "$(TARGET_NAME)";
				TEST_TARGET_NAME = BlurEffectWithMenu;
			};
			name = Debug;
		};
		7B88DC691DED44D4008CC522 /* Release */ = {
			isa = XCBuildConfiguration;
			buildSettings = {
				INFOPLIST_FILE = BlurEffectWithMenuUITests/Info.plist;
				LD_RUNPATH_SEARCH_PATHS = "$(inherited) @executable_path/Frameworks @loader_path/Frameworks";
				PRODUCT_BUNDLE_IDENTIFIER = com.cc.BlurEffectWithMenuUITests;
				PRODUCT_NAME = "$(TARGET_NAME)";
				TEST_TARGET_NAME = BlurEffectWithMenu;
			};
			name = Release;
		};
/* End XCBuildConfiguration section */

/* Begin XCConfigurationList section */
		7B88DC2F1DED44D4008CC522 /* Build configuration list for PBXProject "BlurEffectWithMenu" */ = {
			isa = XCConfigurationList;
			buildConfigurations = (
				7B88DC5F1DED44D4008CC522 /* Debug */,
				7B88DC601DED44D4008CC522 /* Release */,
			);
			defaultConfigurationIsVisible = 0;
			defaultConfigurationName = Release;
		};
		7B88DC611DED44D4008CC522 /* Build configuration list for PBXNativeTarget "BlurEffectWithMenu" */ = {
			isa = XCConfigurationList;
			buildConfigurations = (
				7B88DC621DED44D4008CC522 /* Debug */,
				7B88DC631DED44D4008CC522 /* Release */,
			);
			defaultConfigurationIsVisible = 0;
			defaultConfigurationName = Release;
		};
		7B88DC641DED44D4008CC522 /* Build configuration list for PBXNativeTarget "BlurEffectWithMenuTests" */ = {
			isa = XCConfigurationList;
			buildConfigurations = (
				7B88DC651DED44D4008CC522 /* Debug */,
				7B88DC661DED44D4008CC522 /* Release */,
			);
			defaultConfigurationIsVisible = 0;
			defaultConfigurationName = Release;
		};
		7B88DC671DED44D4008CC522 /* Build configuration list for PBXNativeTarget "BlurEffectWithMenuUITests" */ = {
			isa = XCConfigurationList;
			buildConfigurations = (
				7B88DC681DED44D4008CC522 /* Debug */,
				7B88DC691DED44D4008CC522 /* Release */,
			);
			defaultConfigurationIsVisible = 0;
			defaultConfigurationName = Release;
		};
/* End XCConfigurationList section */
	};
	rootObject = 7B88DC2C1DED44D4008CC522 /* Project object */;
}
